
Microsoft Visual Studio Solution File, Format Version 12.00
# Visual Studio 15
VisualStudioVersion = 15.0.26124.0
MinimumVisualStudioVersion = 15.0.26124.0
Project("{2150E333-8FDC-42A3-9474-1A3956D46DE8}") = "src", "src", "{F7DE9165-8D32-4DC5-B4F1-2A90770C30F3}"
EndProject
Project("{FAE04EC0-301F-11D3-BF4B-00C04F79EFBC}") = "Deinok.CMake", "src\Deinok.CMake\Deinok.CMake.csproj", "{3A58572A-6333-4ABB-8839-7F26AF927938}"
EndProject
Global
	GlobalSection(SolutionConfigurationPlatforms) = preSolution
		Debug|Any CPU = Debug|Any CPU
		Debug|x64 = Debug|x64
		Debug|x86 = Debug|x86
		Release|Any CPU = Release|Any CPU
		Release|x64 = Release|x64
		Release|x86 = Release|x86
	EndGlobalSection
	GlobalSection(SolutionProperties) = preSolution
		HideSolutionNode = FALSE
	EndGlobalSection
	GlobalSection(NestedProjects) = preSolution
		{3A58572A-6333-4ABB-8839-7F26AF927938} = {F7DE9165-8D32-4DC5-B4F1-2A90770C30F3}
	EndGlobalSection
	GlobalSection(ProjectConfigurationPlatforms) = postSolution
		{3A58572A-6333-4ABB-8839-7F26AF927938}.Debug|Any CPU.ActiveCfg = Debug|Any CPU
		{3A58572A-6333-4ABB-8839-7F26AF927938}.Debug|Any CPU.Build.0 = Debug|Any CPU
		{3A58572A-6333-4ABB-8839-7F26AF927938}.Debug|x64.ActiveCfg = Debug|Any CPU
		{3A58572A-6333-4ABB-8839-7F26AF927938}.Debug|x64.Build.0 = Debug|Any CPU
		{3A58572A-6333-4ABB-8839-7F26AF927938}.Debug|x86.ActiveCfg = Debug|Any CPU
		{3A58572A-6333-4ABB-8839-7F26AF927938}.Debug|x86.Build.0 = Debug|Any CPU
		{3A58572A-6333-4ABB-8839-7F26AF927938}.Release|Any CPU.ActiveCfg = Release|Any CPU
		{3A58572A-6333-4ABB-8839-7F26AF927938}.Release|Any CPU.Build.0 = Release|Any CPU
		{3A58572A-6333-4ABB-8839-7F26AF927938}.Release|x64.ActiveCfg = Release|Any CPU
		{3A58572A-6333-4ABB-8839-7F26AF927938}.Release|x64.Build.0 = Release|Any CPU
		{3A58572A-6333-4ABB-8839-7F26AF927938}.Release|x86.ActiveCfg = Release|Any CPU
		{3A58572A-6333-4ABB-8839-7F26AF927938}.Release|x86.Build.0 = Release|Any CPU
	EndGlobalSection
EndGlobal
